
Microsoft Visual Studio Solution File, Format Version 12.00
# Visual Studio Version 17
VisualStudioVersion = 17.9.34902.65
MinimumVisualStudioVersion = 10.0.40219.1
Project("{9A19103F-16F7-4668-BE54-9A1E7A4F7556}") = "MonitoringSystem.EndpointAPI", "MonitoringSystem.EndpointAPI\MonitoringSystem.EndpointAPI.csproj", "{7E6C7078-5F28-4008-ACE3-3F4BA7956E7B}"
EndProject
Project("{9A19103F-16F7-4668-BE54-9A1E7A4F7556}") = "AuthenticationService", "AuthenticationService\AuthenticationService.csproj", "{72381493-C9C0-4A64-A889-BD6CAB3FBD5A}"
EndProject
Project("{FAE04EC0-301F-11D3-BF4B-00C04F79EFBC}") = "WeatherForecast", "WeatherForecast\WeatherForecast.csproj", "{7084DDA9-57DB-4C65-870E-57906A689045}"
EndProject
Global
	GlobalSection(SolutionConfigurationPlatforms) = preSolution
		Debug|Any CPU = Debug|Any CPU
		Release|Any CPU = Release|Any CPU
	EndGlobalSection
	GlobalSection(ProjectConfigurationPlatforms) = postSolution
		{7E6C7078-5F28-4008-ACE3-3F4BA7956E7B}.Debug|Any CPU.ActiveCfg = Debug|Any CPU
		{7E6C7078-5F28-4008-ACE3-3F4BA7956E7B}.Debug|Any CPU.Build.0 = Debug|Any CPU
		{7E6C7078-5F28-4008-ACE3-3F4BA7956E7B}.Release|Any CPU.ActiveCfg = Release|Any CPU
		{7E6C7078-5F28-4008-ACE3-3F4BA7956E7B}.Release|Any CPU.Build.0 = Release|Any CPU
		{72381493-C9C0-4A64-A889-BD6CAB3FBD5A}.Debug|Any CPU.ActiveCfg = Debug|Any CPU
		{72381493-C9C0-4A64-A889-BD6CAB3FBD5A}.Debug|Any CPU.Build.0 = Debug|Any CPU
		{72381493-C9C0-4A64-A889-BD6CAB3FBD5A}.Release|Any CPU.ActiveCfg = Release|Any CPU
		{72381493-C9C0-4A64-A889-BD6CAB3FBD5A}.Release|Any CPU.Build.0 = Release|Any CPU
		{7084DDA9-57DB-4C65-870E-57906A689045}.Debug|Any CPU.ActiveCfg = Debug|Any CPU
		{7084DDA9-57DB-4C65-870E-57906A689045}.Debug|Any CPU.Build.0 = Debug|Any CPU
		{7084DDA9-57DB-4C65-870E-57906A689045}.Release|Any CPU.ActiveCfg = Release|Any CPU
		{7084DDA9-57DB-4C65-870E-57906A689045}.Release|Any CPU.Build.0 = Release|Any CPU
	EndGlobalSection
	GlobalSection(SolutionProperties) = preSolution
		HideSolutionNode = FALSE
	EndGlobalSection
	GlobalSection(ExtensibilityGlobals) = postSolution
		SolutionGuid = {771C89DE-EF7E-4A08-B567-E55386AB31EF}
	EndGlobalSection
EndGlobal
